kernel.org/pub/linux/libs/security/libcap/cap v1.2.64 h1:E1U4GNGSXEdzQUT+mop0iYawCNXDUU46Y8nfodb+ZY0=
kernel.org/pub/linux/libs/security/libcap/cap v1.2.64/go.mod h1:gtBlgvjXflnxHng9/3bXyXG3XmBYKDt35zu+lNmB+IA=
kernel.org/pub/linux/libs/security/libcap/psx v1.2.64 h1:zlw/KoDjEObyddpFcvLiuu8frEvyEwVNc62WZQBp68w=
kernel.org/pub/linux/libs/security/libcap/psx v1.2.64/go.mod h1:+l6Ee2F59XiJ2I6WR5ObpC1utCQJZ/VLsEbQCD8RG24=
