kernel.org/pub/linux/libs/security/libcap/cap v1.2.70 h1:QnLPkuDWWbD5C+3DUA2IUXai5TK6w2zff+MAGccqdsw=
kernel.org/pub/linux/libs/security/libcap/cap v1.2.70/go.mod h1:/iBwcj9nbLejQitYvUm9caurITQ6WyNHibJk6Q9fiS4=
kernel.org/pub/linux/libs/security/libcap/psx v1.2.70 h1:HsB2G/rEQiYyo1bGoQqHZ/Bvd6x1rERQTNdPr1FyWjI=
kernel.org/pub/linux/libs/security/libcap/psx v1.2.70/go.mod h1:+l6Ee2F59XiJ2I6WR5ObpC1utCQJZ/VLsEbQCD8RG24=
